
Microsoft Visual Studio Solution File, Format Version 12.00
# Visual Studio Version 17
VisualStudioVersion = 17.0.31903.59
MinimumVisualStudioVersion = 10.0.40219.1
Project("{FAE04EC0-301F-11D3-BF4B-00C04F79EFBC}") = "EquillibriumERP.Api", "EquillibriumERP.Api\EquillibriumERP.Api.csproj", "{97BA4BDA-7EFA-4E62-A799-F821837DA5DD}"
EndProject
Project("{FAE04EC0-301F-11D3-BF4B-00C04F79EFBC}") = "EquillibriumERP.Application", "EquillibriumERP.Application\EquillibriumERP.Application.csproj", "{9F062BC0-EA78-4909-8867-66FFAEC432CA}"
EndProject
Project("{FAE04EC0-301F-11D3-BF4B-00C04F79EFBC}") = "EquillibriumERP.Domain", "EquillibriumERP.Domain\EquillibriumERP.Domain.csproj", "{EE29AA6F-563D-47A5-951B-457A830168F3}"
EndProject
Project("{FAE04EC0-301F-11D3-BF4B-00C04F79EFBC}") = "EquillibriumERP.Infrastructure", "EquillibriumERP.Infrastructure\EquillibriumERP.Infrastructure.csproj", "{7ECBB088-3C07-43B3-A46D-31F70C7DF5D9}"
EndProject
Global
	GlobalSection(SolutionConfigurationPlatforms) = preSolution
		Debug|Any CPU = Debug|Any CPU
		Debug|x64 = Debug|x64
		Debug|x86 = Debug|x86
		Release|Any CPU = Release|Any CPU
		Release|x64 = Release|x64
		Release|x86 = Release|x86
	EndGlobalSection
	GlobalSection(ProjectConfigurationPlatforms) = postSolution
		{97BA4BDA-7EFA-4E62-A799-F821837DA5DD}.Debug|Any CPU.ActiveCfg = Debug|Any CPU
		{97BA4BDA-7EFA-4E62-A799-F821837DA5DD}.Debug|Any CPU.Build.0 = Debug|Any CPU
		{97BA4BDA-7EFA-4E62-A799-F821837DA5DD}.Debug|x64.ActiveCfg = Debug|Any CPU
		{97BA4BDA-7EFA-4E62-A799-F821837DA5DD}.Debug|x64.Build.0 = Debug|Any CPU
		{97BA4BDA-7EFA-4E62-A799-F821837DA5DD}.Debug|x86.ActiveCfg = Debug|Any CPU
		{97BA4BDA-7EFA-4E62-A799-F821837DA5DD}.Debug|x86.Build.0 = Debug|Any CPU
		{97BA4BDA-7EFA-4E62-A799-F821837DA5DD}.Release|Any CPU.ActiveCfg = Release|Any CPU
		{97BA4BDA-7EFA-4E62-A799-F821837DA5DD}.Release|Any CPU.Build.0 = Release|Any CPU
		{97BA4BDA-7EFA-4E62-A799-F821837DA5DD}.Release|x64.ActiveCfg = Release|Any CPU
		{97BA4BDA-7EFA-4E62-A799-F821837DA5DD}.Release|x64.Build.0 = Release|Any CPU
		{97BA4BDA-7EFA-4E62-A799-F821837DA5DD}.Release|x86.ActiveCfg = Release|Any CPU
		{97BA4BDA-7EFA-4E62-A799-F821837DA5DD}.Release|x86.Build.0 = Release|Any CPU
		{9F062BC0-EA78-4909-8867-66FFAEC432CA}.Debug|Any CPU.ActiveCfg = Debug|Any CPU
		{9F062BC0-EA78-4909-8867-66FFAEC432CA}.Debug|Any CPU.Build.0 = Debug|Any CPU
		{9F062BC0-EA78-4909-8867-66FFAEC432CA}.Debug|x64.ActiveCfg = Debug|Any CPU
		{9F062BC0-EA78-4909-8867-66FFAEC432CA}.Debug|x64.Build.0 = Debug|Any CPU
		{9F062BC0-EA78-4909-8867-66FFAEC432CA}.Debug|x86.ActiveCfg = Debug|Any CPU
		{9F062BC0-EA78-4909-8867-66FFAEC432CA}.Debug|x86.Build.0 = Debug|Any CPU
		{9F062BC0-EA78-4909-8867-66FFAEC432CA}.Release|Any CPU.ActiveCfg = Release|Any CPU
		{9F062BC0-EA78-4909-8867-66FFAEC432CA}.Release|Any CPU.Build.0 = Release|Any CPU
		{9F062BC0-EA78-4909-8867-66FFAEC432CA}.Release|x64.ActiveCfg = Release|Any CPU
		{9F062BC0-EA78-4909-8867-66FFAEC432CA}.Release|x64.Build.0 = Release|Any CPU
		{9F062BC0-EA78-4909-8867-66FFAEC432CA}.Release|x86.ActiveCfg = Release|Any CPU
		{9F062BC0-EA78-4909-8867-66FFAEC432CA}.Release|x86.Build.0 = Release|Any CPU
		{EE29AA6F-563D-47A5-951B-457A830168F3}.Debug|Any CPU.ActiveCfg = Debug|Any CPU
		{EE29AA6F-563D-47A5-951B-457A830168F3}.Debug|Any CPU.Build.0 = Debug|Any CPU
		{EE29AA6F-563D-47A5-951B-457A830168F3}.Debug|x64.ActiveCfg = Debug|Any CPU
		{EE29AA6F-563D-47A5-951B-457A830168F3}.Debug|x64.Build.0 = Debug|Any CPU
		{EE29AA6F-563D-47A5-951B-457A830168F3}.Debug|x86.ActiveCfg = Debug|Any CPU
		{EE29AA6F-563D-47A5-951B-457A830168F3}.Debug|x86.Build.0 = Debug|Any CPU
		{EE29AA6F-563D-47A5-951B-457A830168F3}.Release|Any CPU.ActiveCfg = Release|Any CPU
		{EE29AA6F-563D-47A5-951B-457A830168F3}.Release|Any CPU.Build.0 = Release|Any CPU
		{EE29AA6F-563D-47A5-951B-457A830168F3}.Release|x64.ActiveCfg = Release|Any CPU
		{EE29AA6F-563D-47A5-951B-457A830168F3}.Release|x64.Build.0 = Release|Any CPU
		{EE29AA6F-563D-47A5-951B-457A830168F3}.Release|x86.ActiveCfg = Release|Any CPU
		{EE29AA6F-563D-47A5-951B-457A830168F3}.Release|x86.Build.0 = Release|Any CPU
		{7ECBB088-3C07-43B3-A46D-31F70C7DF5D9}.Debug|Any CPU.ActiveCfg = Debug|Any CPU
		{7ECBB088-3C07-43B3-A46D-31F70C7DF5D9}.Debug|Any CPU.Build.0 = Debug|Any CPU
		{7ECBB088-3C07-43B3-A46D-31F70C7DF5D9}.Debug|x64.ActiveCfg = Debug|Any CPU
		{7ECBB088-3C07-43B3-A46D-31F70C7DF5D9}.Debug|x64.Build.0 = Debug|Any CPU
		{7ECBB088-3C07-43B3-A46D-31F70C7DF5D9}.Debug|x86.ActiveCfg = Debug|Any CPU
		{7ECBB088-3C07-43B3-A46D-31F70C7DF5D9}.Debug|x86.Build.0 = Debug|Any CPU
		{7ECBB088-3C07-43B3-A46D-31F70C7DF5D9}.Release|Any CPU.ActiveCfg = Release|Any CPU
		{7ECBB088-3C07-43B3-A46D-31F70C7DF5D9}.Release|Any CPU.Build.0 = Release|Any CPU
		{7ECBB088-3C07-43B3-A46D-31F70C7DF5D9}.Release|x64.ActiveCfg = Release|Any CPU
		{7ECBB088-3C07-43B3-A46D-31F70C7DF5D9}.Release|x64.Build.0 = Release|Any CPU
		{7ECBB088-3C07-43B3-A46D-31F70C7DF5D9}.Release|x86.ActiveCfg = Release|Any CPU
		{7ECBB088-3C07-43B3-A46D-31F70C7DF5D9}.Release|x86.Build.0 = Release|Any CPU
	EndGlobalSection
	GlobalSection(SolutionProperties) = preSolution
		HideSolutionNode = FALSE
	EndGlobalSection
EndGlobal
